
Microsoft Visual Studio Solution File, Format Version 12.00
# Visual Studio Version 16
VisualStudioVersion = 16.0.29806.167
MinimumVisualStudioVersion = 10.0.40219.1
Project("{FAE04EC0-301F-11D3-BF4B-00C04F79EFBC}") = "Asset-Getter", "Asset-Getter\Asset-Getter.csproj", "{D16D463D-AB0B-4B8F-92A7-4B01691FA177}"
EndProject
Project("{9A19103F-16F7-4668-BE54-9A1E7A4F7556}") = "uTinyRipperCore", "uTinyRipperCore\uTinyRipperCore.csproj", "{F502D7B0-BC34-4D9F-B59D-020D8CB0098B}"
EndProject
Project("{FAE04EC0-301F-11D3-BF4B-00C04F79EFBC}") = "uTinyRipperGUI", "uTinyRipperGUI\uTinyRipperGUI.csproj", "{ADEE41C3-2951-4CD7-99B8-6F542D4DB28D}"
EndProject
Global
	GlobalSection(SolutionConfigurationPlatforms) = preSolution
		Debug|Any CPU = Debug|Any CPU
		Debug|x64 = Debug|x64
		Debug|x86 = Debug|x86
		Release|Any CPU = Release|Any CPU
		Release|x64 = Release|x64
		Release|x86 = Release|x86
		Virtual|Any CPU = Virtual|Any CPU
		Virtual|x64 = Virtual|x64
		Virtual|x86 = Virtual|x86
	EndGlobalSection
	GlobalSection(ProjectConfigurationPlatforms) = postSolution
		{D16D463D-AB0B-4B8F-92A7-4B01691FA177}.Debug|Any CPU.ActiveCfg = Debug|Any CPU
		{D16D463D-AB0B-4B8F-92A7-4B01691FA177}.Debug|Any CPU.Build.0 = Debug|Any CPU
		{D16D463D-AB0B-4B8F-92A7-4B01691FA177}.Debug|x64.ActiveCfg = Debug|Any CPU
		{D16D463D-AB0B-4B8F-92A7-4B01691FA177}.Debug|x64.Build.0 = Debug|Any CPU
		{D16D463D-AB0B-4B8F-92A7-4B01691FA177}.Debug|x86.ActiveCfg = Debug|Any CPU
		{D16D463D-AB0B-4B8F-92A7-4B01691FA177}.Debug|x86.Build.0 = Debug|Any CPU
		{D16D463D-AB0B-4B8F-92A7-4B01691FA177}.Release|Any CPU.ActiveCfg = Release|Any CPU
		{D16D463D-AB0B-4B8F-92A7-4B01691FA177}.Release|Any CPU.Build.0 = Release|Any CPU
		{D16D463D-AB0B-4B8F-92A7-4B01691FA177}.Release|x64.ActiveCfg = Release|Any CPU
		{D16D463D-AB0B-4B8F-92A7-4B01691FA177}.Release|x64.Build.0 = Release|Any CPU
		{D16D463D-AB0B-4B8F-92A7-4B01691FA177}.Release|x86.ActiveCfg = Release|Any CPU
		{D16D463D-AB0B-4B8F-92A7-4B01691FA177}.Release|x86.Build.0 = Release|Any CPU
		{D16D463D-AB0B-4B8F-92A7-4B01691FA177}.Virtual|Any CPU.ActiveCfg = Release|Any CPU
		{D16D463D-AB0B-4B8F-92A7-4B01691FA177}.Virtual|Any CPU.Build.0 = Release|Any CPU
		{D16D463D-AB0B-4B8F-92A7-4B01691FA177}.Virtual|x64.ActiveCfg = Release|Any CPU
		{D16D463D-AB0B-4B8F-92A7-4B01691FA177}.Virtual|x64.Build.0 = Release|Any CPU
		{D16D463D-AB0B-4B8F-92A7-4B01691FA177}.Virtual|x86.ActiveCfg = Release|Any CPU
		{D16D463D-AB0B-4B8F-92A7-4B01691FA177}.Virtual|x86.Build.0 = Release|Any CPU
		{F502D7B0-BC34-4D9F-B59D-020D8CB0098B}.Debug|Any CPU.ActiveCfg = Debug|Any CPU
		{F502D7B0-BC34-4D9F-B59D-020D8CB0098B}.Debug|Any CPU.Build.0 = Debug|Any CPU
		{F502D7B0-BC34-4D9F-B59D-020D8CB0098B}.Debug|x64.ActiveCfg = Debug|Any CPU
		{F502D7B0-BC34-4D9F-B59D-020D8CB0098B}.Debug|x64.Build.0 = Debug|Any CPU
		{F502D7B0-BC34-4D9F-B59D-020D8CB0098B}.Debug|x86.ActiveCfg = Debug|Any CPU
		{F502D7B0-BC34-4D9F-B59D-020D8CB0098B}.Debug|x86.Build.0 = Debug|Any CPU
		{F502D7B0-BC34-4D9F-B59D-020D8CB0098B}.Release|Any CPU.ActiveCfg = Release|Any CPU
		{F502D7B0-BC34-4D9F-B59D-020D8CB0098B}.Release|Any CPU.Build.0 = Release|Any CPU
		{F502D7B0-BC34-4D9F-B59D-020D8CB0098B}.Release|x64.ActiveCfg = Release|Any CPU
		{F502D7B0-BC34-4D9F-B59D-020D8CB0098B}.Release|x64.Build.0 = Release|Any CPU
		{F502D7B0-BC34-4D9F-B59D-020D8CB0098B}.Release|x86.ActiveCfg = Release|Any CPU
		{F502D7B0-BC34-4D9F-B59D-020D8CB0098B}.Release|x86.Build.0 = Release|Any CPU
		{F502D7B0-BC34-4D9F-B59D-020D8CB0098B}.Virtual|Any CPU.ActiveCfg = Virtual|Any CPU
		{F502D7B0-BC34-4D9F-B59D-020D8CB0098B}.Virtual|Any CPU.Build.0 = Virtual|Any CPU
		{F502D7B0-BC34-4D9F-B59D-020D8CB0098B}.Virtual|x64.ActiveCfg = Virtual|Any CPU
		{F502D7B0-BC34-4D9F-B59D-020D8CB0098B}.Virtual|x64.Build.0 = Virtual|Any CPU
		{F502D7B0-BC34-4D9F-B59D-020D8CB0098B}.Virtual|x86.ActiveCfg = Virtual|Any CPU
		{F502D7B0-BC34-4D9F-B59D-020D8CB0098B}.Virtual|x86.Build.0 = Virtual|Any CPU
		{ADEE41C3-2951-4CD7-99B8-6F542D4DB28D}.Debug|Any CPU.ActiveCfg = Debug|x86
		{ADEE41C3-2951-4CD7-99B8-6F542D4DB28D}.Debug|x64.ActiveCfg = Debug|x64
		{ADEE41C3-2951-4CD7-99B8-6F542D4DB28D}.Debug|x64.Build.0 = Debug|x64
		{ADEE41C3-2951-4CD7-99B8-6F542D4DB28D}.Debug|x86.ActiveCfg = Debug|x86
		{ADEE41C3-2951-4CD7-99B8-6F542D4DB28D}.Debug|x86.Build.0 = Debug|x86
		{ADEE41C3-2951-4CD7-99B8-6F542D4DB28D}.Release|Any CPU.ActiveCfg = Release|x86
		{ADEE41C3-2951-4CD7-99B8-6F542D4DB28D}.Release|x64.ActiveCfg = Release|x64
		{ADEE41C3-2951-4CD7-99B8-6F542D4DB28D}.Release|x64.Build.0 = Release|x64
		{ADEE41C3-2951-4CD7-99B8-6F542D4DB28D}.Release|x86.ActiveCfg = Release|x86
		{ADEE41C3-2951-4CD7-99B8-6F542D4DB28D}.Release|x86.Build.0 = Release|x86
		{ADEE41C3-2951-4CD7-99B8-6F542D4DB28D}.Virtual|Any CPU.ActiveCfg = Virtual|x86
		{ADEE41C3-2951-4CD7-99B8-6F542D4DB28D}.Virtual|x64.ActiveCfg = Virtual|x64
		{ADEE41C3-2951-4CD7-99B8-6F542D4DB28D}.Virtual|x64.Build.0 = Virtual|x64
		{ADEE41C3-2951-4CD7-99B8-6F542D4DB28D}.Virtual|x86.ActiveCfg = Virtual|x86
		{ADEE41C3-2951-4CD7-99B8-6F542D4DB28D}.Virtual|x86.Build.0 = Virtual|x86
	EndGlobalSection
	GlobalSection(SolutionProperties) = preSolution
		HideSolutionNode = FALSE
	EndGlobalSection
	GlobalSection(ExtensibilityGlobals) = postSolution
		SolutionGuid = {9B6C98EC-3A73-4D9C-BDDA-C4468B2725C9}
	EndGlobalSection
EndGlobal
